
Microsoft Visual Studio Solution File, Format Version 12.00
# Visual Studio Version 16
VisualStudioVersion = 16.0.28803.352
MinimumVisualStudioVersion = 10.0.40219.1
Project("{FAE04EC0-301F-11D3-BF4B-00C04F79EFBC}") = "HACS", "..\HACS\HACS.csproj", "{8582F64C-F92B-4D67-8B1A-D3C4CDD69D77}"
EndProject
Project("{FAE04EC0-301F-11D3-BF4B-00C04F79EFBC}") = "Utilities", "..\Utilities\Utilities.csproj", "{D112DE6F-9832-4DAB-B941-5CBDE5863B69}"
EndProject
Project("{FAE04EC0-301F-11D3-BF4B-00C04F79EFBC}") = "CEGS_Aeon", "CEGS_Aeon.csproj", "{2DADFC3E-9890-46C3-AB42-AE9959B6B350}"
EndProject
Project("{FAE04EC0-301F-11D3-BF4B-00C04F79EFBC}") = "HACS.WinForms", "..\Hacs.WinForms\HACS.WinForms.csproj", "{400468A4-FC5F-4298-BA2D-529DCAD2A604}"
EndProject
Global
	GlobalSection(SolutionConfigurationPlatforms) = preSolution
		Debug|Any CPU = Debug|Any CPU
		Release|Any CPU = Release|Any CPU
	EndGlobalSection
	GlobalSection(ProjectConfigurationPlatforms) = postSolution
		{8582F64C-F92B-4D67-8B1A-D3C4CDD69D77}.Debug|Any CPU.ActiveCfg = Debug|Any CPU
		{8582F64C-F92B-4D67-8B1A-D3C4CDD69D77}.Debug|Any CPU.Build.0 = Debug|Any CPU
		{8582F64C-F92B-4D67-8B1A-D3C4CDD69D77}.Release|Any CPU.ActiveCfg = Release|Any CPU
		{8582F64C-F92B-4D67-8B1A-D3C4CDD69D77}.Release|Any CPU.Build.0 = Release|Any CPU
		{D112DE6F-9832-4DAB-B941-5CBDE5863B69}.Debug|Any CPU.ActiveCfg = Debug|Any CPU
		{D112DE6F-9832-4DAB-B941-5CBDE5863B69}.Debug|Any CPU.Build.0 = Debug|Any CPU
		{D112DE6F-9832-4DAB-B941-5CBDE5863B69}.Release|Any CPU.ActiveCfg = Release|Any CPU
		{D112DE6F-9832-4DAB-B941-5CBDE5863B69}.Release|Any CPU.Build.0 = Release|Any CPU
		{2DADFC3E-9890-46C3-AB42-AE9959B6B350}.Debug|Any CPU.ActiveCfg = Debug|Any CPU
		{2DADFC3E-9890-46C3-AB42-AE9959B6B350}.Debug|Any CPU.Build.0 = Debug|Any CPU
		{2DADFC3E-9890-46C3-AB42-AE9959B6B350}.Release|Any CPU.ActiveCfg = Release|Any CPU
		{2DADFC3E-9890-46C3-AB42-AE9959B6B350}.Release|Any CPU.Build.0 = Release|Any CPU
		{400468A4-FC5F-4298-BA2D-529DCAD2A604}.Debug|Any CPU.ActiveCfg = Debug|Any CPU
		{400468A4-FC5F-4298-BA2D-529DCAD2A604}.Debug|Any CPU.Build.0 = Debug|Any CPU
		{400468A4-FC5F-4298-BA2D-529DCAD2A604}.Release|Any CPU.ActiveCfg = Release|Any CPU
		{400468A4-FC5F-4298-BA2D-529DCAD2A604}.Release|Any CPU.Build.0 = Release|Any CPU
	EndGlobalSection
	GlobalSection(SolutionProperties) = preSolution
		HideSolutionNode = FALSE
	EndGlobalSection
	GlobalSection(ExtensibilityGlobals) = postSolution
		SolutionGuid = {93D33934-84C6-45EC-8E32-7913C3928590}
	EndGlobalSection
EndGlobal
